
Microsoft Visual Studio Solution File, Format Version 12.00
# Visual Studio Version 16
VisualStudioVersion = 16.0.32228.343
MinimumVisualStudioVersion = 10.0.40219.1
Project("{FAE04EC0-301F-11D3-BF4B-00C04F79EFBC}") = "05042022", "05042022\05042022.csproj", "{841A8AE0-FFE6-43B4-8330-CCD35CDDE961}"
EndProject
Project("{FAE04EC0-301F-11D3-BF4B-00C04F79EFBC}") = "ClassLibrary", "ClassLibrary\ClassLibrary.csproj", "{C42DC475-B7E4-467B-A735-529FAFC4DA8A}"
EndProject
Global
	GlobalSection(SolutionConfigurationPlatforms) = preSolution
		Debug|Any CPU = Debug|Any CPU
		Release|Any CPU = Release|Any CPU
	EndGlobalSection
	GlobalSection(ProjectConfigurationPlatforms) = postSolution
		{841A8AE0-FFE6-43B4-8330-CCD35CDDE961}.Debug|Any CPU.ActiveCfg = Debug|Any CPU
		{841A8AE0-FFE6-43B4-8330-CCD35CDDE961}.Debug|Any CPU.Build.0 = Debug|Any CPU
		{841A8AE0-FFE6-43B4-8330-CCD35CDDE961}.Release|Any CPU.ActiveCfg = Release|Any CPU
		{841A8AE0-FFE6-43B4-8330-CCD35CDDE961}.Release|Any CPU.Build.0 = Release|Any CPU
		{C42DC475-B7E4-467B-A735-529FAFC4DA8A}.Debug|Any CPU.ActiveCfg = Debug|Any CPU
		{C42DC475-B7E4-467B-A735-529FAFC4DA8A}.Debug|Any CPU.Build.0 = Debug|Any CPU
		{C42DC475-B7E4-467B-A735-529FAFC4DA8A}.Release|Any CPU.ActiveCfg = Release|Any CPU
		{C42DC475-B7E4-467B-A735-529FAFC4DA8A}.Release|Any CPU.Build.0 = Release|Any CPU
	EndGlobalSection
	GlobalSection(SolutionProperties) = preSolution
		HideSolutionNode = FALSE
	EndGlobalSection
	GlobalSection(ExtensibilityGlobals) = postSolution
		SolutionGuid = {0D5F1499-530D-4100-BDAE-968F7AFEE64F}
	EndGlobalSection
EndGlobal
